// !$*UTF8*$!
{
	archiveVersion = 1;
	classes = {
	};
	objectVersion = 50;
	objects = {

/* Begin PBXBuildFile section */
		874B59742367C9AA0045AB87 /* NSString+Supplement.m in Sources */ = {isa = PBXBuildFile; fileRef = 874B59732367C9AA0045AB87 /* NSString+Supplement.m */; };
		87C8FEF723877A370038EE8B /* CALayer+Supplement.m in Sources */ = {isa = PBXBuildFile; fileRef = 87C8FEF523877A370038EE8B /* CALayer+Supplement.m */; };
		B25F8BD421C37DC200166686 /* AppDelegate.m in Sources */ = {isa = PBXBuildFile; fileRef = B25F8BD321C37DC200166686 /* AppDelegate.m */; };
		B25F8BD721C37DC200166686 /* ViewController.m in Sources */ = {isa = PBXBuildFile; fileRef = B25F8BD621C37DC200166686 /* ViewController.m */; };
		B25F8BDA21C37DC200166686 /* Main.storyboard in Resources */ = {isa = PBXBuildFile; fileRef = B25F8BD821C37DC200166686 /* Main.storyboard */; };
		B25F8BDC21C37DC400166686 /* Assets.xcassets in Resources */ = {isa = PBXBuildFile; fileRef = B25F8BDB21C37DC400166686 /* Assets.xcassets */; };
		B25F8BDF21C37DC400166686 /* LaunchScreen.storyboard in Resources */ = {isa = PBXBuildFile; fileRef = B25F8BDD21C37DC400166686 /* LaunchScreen.storyboard */; };
		B25F8BE221C37DC400166686 /* main.m in Sources */ = {isa = PBXBuildFile; fileRef = B25F8BE121C37DC400166686 /* main.m */; };
		B25F8C2A21C37E4400166686 /* UITextField+YYAdd.m in Sources */ = {isa = PBXBuildFile; fileRef = B25F8BEB21C37E4300166686 /* UITextField+YYAdd.m */; };
		B25F8C2B21C37E4400166686 /* UIBezierPath+YYAdd.m in Sources */ = {isa = PBXBuildFile; fileRef = B25F8BEC21C37E4300166686 /* UIBezierPath+YYAdd.m */; };
		B25F8C2C21C37E4400166686 /* UIColor+YYAdd.m in Sources */ = {isa = PBXBuildFile; fileRef = B25F8BED21C37E4300166686 /* UIColor+YYAdd.m */; };
		B25F8C2D21C37E4400166686 /* UIDevice+YYAdd.m in Sources */ = {isa = PBXBuildFile; fileRef = B25F8BEF21C37E4300166686 /* UIDevice+YYAdd.m */; };
		B25F8C2E21C37E4400166686 /* UIApplication+YYAdd.m in Sources */ = {isa = PBXBuildFile; fileRef = B25F8BF021C37E4300166686 /* UIApplication+YYAdd.m */; };
		B25F8C2F21C37E4400166686 /* UITableView+YYAdd.m in Sources */ = {isa = PBXBuildFile; fileRef = B25F8BF121C37E4300166686 /* UITableView+YYAdd.m */; };
		B25F8C3021C37E4400166686 /* UIScrollView+YYAdd.m in Sources */ = {isa = PBXBuildFile; fileRef = B25F8BF321C37E4300166686 /* UIScrollView+YYAdd.m */; };
		B25F8C3121C37E4400166686 /* UIScreen+YYAdd.m in Sources */ = {isa = PBXBuildFile; fileRef = B25F8BF421C37E4300166686 /* UIScreen+YYAdd.m */; };
		B25F8C3221C37E4400166686 /* UIView+YYAdd.m in Sources */ = {isa = PBXBuildFile; fileRef = B25F8BF521C37E4300166686 /* UIView+YYAdd.m */; };
		B25F8C3321C37E4400166686 /* UIBarButtonItem+YYAdd.m in Sources */ = {isa = PBXBuildFile; fileRef = B25F8BF721C37E4300166686 /* UIBarButtonItem+YYAdd.m */; };
		B25F8C3421C37E4400166686 /* UIGestureRecognizer+YYAdd.m in Sources */ = {isa = PBXBuildFile; fileRef = B25F8BF821C37E4300166686 /* UIGestureRecognizer+YYAdd.m */; };
		B25F8C3521C37E4400166686 /* UIImage+YYAdd.m in Sources */ = {isa = PBXBuildFile; fileRef = B25F8BFF21C37E4300166686 /* UIImage+YYAdd.m */; };
		B25F8C3621C37E4400166686 /* UIControl+YYAdd.m in Sources */ = {isa = PBXBuildFile; fileRef = B25F8C0221C37E4300166686 /* UIControl+YYAdd.m */; };
		B25F8C3721C37E4400166686 /* UIFont+YYAdd.m in Sources */ = {isa = PBXBuildFile; fileRef = B25F8C0521C37E4300166686 /* UIFont+YYAdd.m */; };
		B25F8C3821C37E4400166686 /* NSArray+YYAdd.m in Sources */ = {isa = PBXBuildFile; fileRef = B25F8C0821C37E4300166686 /* NSArray+YYAdd.m */; };
		B25F8C3921C37E4400166686 /* NSNumber+YYAdd.m in Sources */ = {isa = PBXBuildFile; fileRef = B25F8C0921C37E4300166686 /* NSNumber+YYAdd.m */; };
		B25F8C3A21C37E4400166686 /* NSBundle+YYAdd.m in Sources */ = {isa = PBXBuildFile; fileRef = B25F8C0E21C37E4300166686 /* NSBundle+YYAdd.m */; };
		B25F8C3B21C37E4400166686 /* NSObject+YYAdd.m in Sources */ = {isa = PBXBuildFile; fileRef = B25F8C0F21C37E4300166686 /* NSObject+YYAdd.m */; };
		B25F8C3C21C37E4400166686 /* NSData+YYAdd.m in Sources */ = {isa = PBXBuildFile; fileRef = B25F8C1221C37E4300166686 /* NSData+YYAdd.m */; };
		B25F8C3D21C37E4400166686 /* NSThread+YYAdd.m in Sources */ = {isa = PBXBuildFile; fileRef = B25F8C1321C37E4300166686 /* NSThread+YYAdd.m */; settings = {COMPILER_FLAGS = "-fno-objc-arc"; }; };
		B25F8C3E21C37E4400166686 /* NSKeyedUnarchiver+YYAdd.m in Sources */ = {isa = PBXBuildFile; fileRef = B25F8C1521C37E4300166686 /* NSKeyedUnarchiver+YYAdd.m */; };
		B25F8C3F21C37E4400166686 /* NSTimer+YYAdd.m in Sources */ = {isa = PBXBuildFile; fileRef = B25F8C1621C37E4300166686 /* NSTimer+YYAdd.m */; };
		B25F8C4021C37E4400166686 /* NSObject+YYAddForARC.m in Sources */ = {isa = PBXBuildFile; fileRef = B25F8C1921C37E4300166686 /* NSObject+YYAddForARC.m */; settings = {COMPILER_FLAGS = "-fno-objc-arc"; }; };
		B25F8C4121C37E4400166686 /* NSDate+YYAdd.m in Sources */ = {isa = PBXBuildFile; fileRef = B25F8C1A21C37E4400166686 /* NSDate+YYAdd.m */; };
		B25F8C4221C37E4400166686 /* NSString+YYAdd.m in Sources */ = {isa = PBXBuildFile; fileRef = B25F8C1C21C37E4400166686 /* NSString+YYAdd.m */; };
		B25F8C4321C37E4400166686 /* NSNotificationCenter+YYAdd.m in Sources */ = {isa = PBXBuildFile; fileRef = B25F8C1E21C37E4400166686 /* NSNotificationCenter+YYAdd.m */; };
		B25F8C4421C37E4400166686 /* NSDictionary+YYAdd.m in Sources */ = {isa = PBXBuildFile; fileRef = B25F8C2021C37E4400166686 /* NSDictionary+YYAdd.m */; };
		B25F8C4521C37E4400166686 /* NSObject+YYAddForKVO.m in Sources */ = {isa = PBXBuildFile; fileRef = B25F8C2321C37E4400166686 /* NSObject+YYAddForKVO.m */; };
		B25F8C4621C37E4400166686 /* YYCGUtilities.m in Sources */ = {isa = PBXBuildFile; fileRef = B25F8C2621C37E4400166686 /* YYCGUtilities.m */; };
		B25F8C4721C37E4400166686 /* CALayer+YYAdd.m in Sources */ = {isa = PBXBuildFile; fileRef = B25F8C2721C37E4400166686 /* CALayer+YYAdd.m */; };
		B25F8C4A21C37E6600166686 /* UIKit.framework in Frameworks */ = {isa = PBXBuildFile; fileRef = B25F8C4921C37E6600166686 /* UIKit.framework */; };
		B25F8C4C21C37E6C00166686 /* CoreGraphics.framework in Frameworks */ = {isa = PBXBuildFile; fileRef = B25F8C4B21C37E6C00166686 /* CoreGraphics.framework */; };
		B25F8C4E21C37E7200166686 /* QuartzCore.framework in Frameworks */ = {isa = PBXBuildFile; fileRef = B25F8C4D21C37E7200166686 /* QuartzCore.framework */; };
		B25F8C5021C37E7700166686 /* Accelerate.framework in Frameworks */ = {isa = PBXBuildFile; fileRef = B25F8C4F21C37E7700166686 /* Accelerate.framework */; };
		B25F8C5221C37E7E00166686 /* ImageIO.framework in Frameworks */ = {isa = PBXBuildFile; fileRef = B25F8C5121C37E7D00166686 /* ImageIO.framework */; };
		B25F8C5421C37E8200166686 /* CoreText.framework in Frameworks */ = {isa = PBXBuildFile; fileRef = B25F8C5321C37E8200166686 /* CoreText.framework */; };
		B25F8C5621C37E8700166686 /* CoreFoundation.framework in Frameworks */ = {isa = PBXBuildFile; fileRef = B25F8C5521C37E8700166686 /* CoreFoundation.framework */; };
		B25F8C5821C37E8E00166686 /* libz.tbd in Frameworks */ = {isa = PBXBuildFile; fileRef = B25F8C5721C37E8E00166686 /* libz.tbd */; };
		B293494222B090EE003BA579 /* UIButton+Supplement.m in Sources */ = {isa = PBXBuildFile; fileRef = B293494122B090EE003BA579 /* UIButton+Supplement.m */; };
		B293494522B0912E003BA579 /* UIView+Supplement.m in Sources */ = {isa = PBXBuildFile; fileRef = B293494422B0912E003BA579 /* UIView+Supplement.m */; };
		B2E56A6622DF066100AB8D16 /* UIColor+Supplement.m in Sources */ = {isa = PBXBuildFile; fileRef = B2E56A6522DF066100AB8D16 /* UIColor+Supplement.m */; };
/* End PBXBuildFile section */

/* Begin PBXFileReference section */
		874B59722367C9AA0045AB87 /* NSString+Supplement.h */ = {isa = PBXFileReference; lastKnownFileType = sourcecode.c.h; path = "NSString+Supplement.h"; sourceTree = "<group>"; };
		874B59732367C9AA0045AB87 /* NSString+Supplement.m */ = {isa = PBXFileReference; lastKnownFileType = sourcecode.c.objc; path = "NSString+Supplement.m"; sourceTree = "<group>"; };
		87C8FEF523877A370038EE8B /* CALayer+Supplement.m */ = {isa = PBXFileReference; fileEncoding = 4; lastKnownFileType = sourcecode.c.objc; path = "CALayer+Supplement.m"; sourceTree = "<group>"; };
		87C8FEF623877A370038EE8B /* CALayer+Supplement.h */ = {isa = PBXFileReference; fileEncoding = 4; lastKnownFileType = sourcecode.c.h; path = "CALayer+Supplement.h"; sourceTree = "<group>"; };
		B25F8BCF21C37DC200166686 /* Demo.app */ = {isa = PBXFileReference; explicitFileType = wrapper.application; includeInIndex = 0; path = Demo.app; sourceTree = BUILT_PRODUCTS_DIR; };
		B25F8BD221C37DC200166686 /* AppDelegate.h */ = {isa = PBXFileReference; lastKnownFileType = sourcecode.c.h; path = AppDelegate.h; sourceTree = "<group>"; };
		B25F8BD321C37DC200166686 /* AppDelegate.m */ = {isa = PBXFileReference; lastKnownFileType = sourcecode.c.objc; path = AppDelegate.m; sourceTree = "<group>"; };
		B25F8BD521C37DC200166686 /* ViewController.h */ = {isa = PBXFileReference; lastKnownFileType = sourcecode.c.h; path = ViewController.h; sourceTree = "<group>"; };
		B25F8BD621C37DC200166686 /* ViewController.m */ = {isa = PBXFileReference; lastKnownFileType = sourcecode.c.objc; path = ViewController.m; sourceTree = "<group>"; };
		B25F8BD921C37DC200166686 /* Base */ = {isa = PBXFileReference; lastKnownFileType = file.storyboard; name = Base; path = Base.lproj/Main.storyboard; sourceTree = "<group>"; };
		B25F8BDB21C37DC400166686 /* Assets.xcassets */ = {isa = PBXFileReference; lastKnownFileType = folder.assetcatalog; path = Assets.xcassets; sourceTree = "<group>"; };
		B25F8BDE21C37DC400166686 /* Base */ = {isa = PBXFileReference; lastKnownFileType = file.storyboard; name = Base; path = Base.lproj/LaunchScreen.storyboard; sourceTree = "<group>"; };
		B25F8BE021C37DC400166686 /* Info.plist */ = {isa = PBXFileReference; lastKnownFileType = text.plist.xml; path = Info.plist; sourceTree = "<group>"; };
		B25F8BE121C37DC400166686 /* main.m */ = {isa = PBXFileReference; lastKnownFileType = sourcecode.c.objc; path = main.m; sourceTree = "<group>"; };
		B25F8BE921C37E4300166686 /* YYCategories.h */ = {isa = PBXFileReference; fileEncoding = 4; lastKnownFileType = sourcecode.c.h; path = YYCategories.h; sourceTree = "<group>"; };
		B25F8BEB21C37E4300166686 /* UITextField+YYAdd.m */ = {isa = PBXFileReference; fileEncoding = 4; lastKnownFileType = sourcecode.c.objc; path = "UITextField+YYAdd.m"; sourceTree = "<group>"; };
		B25F8BEC21C37E4300166686 /* UIBezierPath+YYAdd.m */ = {isa = PBXFileReference; fileEncoding = 4; lastKnownFileType = sourcecode.c.objc; path = "UIBezierPath+YYAdd.m"; sourceTree = "<group>"; };
		B25F8BED21C37E4300166686 /* UIColor+YYAdd.m */ = {isa = PBXFileReference; fileEncoding = 4; lastKnownFileType = sourcecode.c.objc; path = "UIColor+YYAdd.m"; sourceTree = "<group>"; };
		B25F8BEE21C37E4300166686 /* UIControl+YYAdd.h */ = {isa = PBXFileReference; fileEncoding = 4; lastKnownFileType = sourcecode.c.h; path = "UIControl+YYAdd.h"; sourceTree = "<group>"; };
		B25F8BEF21C37E4300166686 /* UIDevice+YYAdd.m */ = {isa = PBXFileReference; fileEncoding = 4; lastKnownFileType = sourcecode.c.objc; path = "UIDevice+YYAdd.m"; sourceTree = "<group>"; };
		B25F8BF021C37E4300166686 /* UIApplication+YYAdd.m */ = {isa = PBXFileReference; fileEncoding = 4; lastKnownFileType = sourcecode.c.objc; path = "UIApplication+YYAdd.m"; sourceTree = "<group>"; };
		B25F8BF121C37E4300166686 /* UITableView+YYAdd.m */ = {isa = PBXFileReference; fileEncoding = 4; lastKnownFileType = sourcecode.c.objc; path = "UITableView+YYAdd.m"; sourceTree = "<group>"; };
		B25F8BF221C37E4300166686 /* UIImage+YYAdd.h */ = {isa = PBXFileReference; fileEncoding = 4; lastKnownFileType = sourcecode.c.h; path = "UIImage+YYAdd.h"; sourceTree = "<group>"; };
		B25F8BF321C37E4300166686 /* UIScrollView+YYAdd.m */ = {isa = PBXFileReference; fileEncoding = 4; lastKnownFileType = sourcecode.c.objc; path = "UIScrollView+YYAdd.m"; sourceTree = "<group>"; };
		B25F8BF421C37E4300166686 /* UIScreen+YYAdd.m */ = {isa = PBXFileReference; fileEncoding = 4; lastKnownFileType = sourcecode.c.objc; path = "UIScreen+YYAdd.m"; sourceTree = "<group>"; };
		B25F8BF521C37E4300166686 /* UIView+YYAdd.m */ = {isa = PBXFileReference; fileEncoding = 4; lastKnownFileType = sourcecode.c.objc; path = "UIView+YYAdd.m"; sourceTree = "<group>"; };
		B25F8BF621C37E4300166686 /* UIFont+YYAdd.h */ = {isa = PBXFileReference; fileEncoding = 4; lastKnownFileType = sourcecode.c.h; path = "UIFont+YYAdd.h"; sourceTree = "<group>"; };
		B25F8BF721C37E4300166686 /* UIBarButtonItem+YYAdd.m */ = {isa = PBXFileReference; fileEncoding = 4; lastKnownFileType = sourcecode.c.objc; path = "UIBarButtonItem+YYAdd.m"; sourceTree = "<group>"; };
		B25F8BF821C37E4300166686 /* UIGestureRecognizer+YYAdd.m */ = {isa = PBXFileReference; fileEncoding = 4; lastKnownFileType = sourcecode.c.objc; path = "UIGestureRecognizer+YYAdd.m"; sourceTree = "<group>"; };
		B25F8BF921C37E4300166686 /* UITextField+YYAdd.h */ = {isa = PBXFileReference; fileEncoding = 4; lastKnownFileType = sourcecode.c.h; path = "UITextField+YYAdd.h"; sourceTree = "<group>"; };
		B25F8BFA21C37E4300166686 /* UIColor+YYAdd.h */ = {isa = PBXFileReference; fileEncoding = 4; lastKnownFileType = sourcecode.c.h; path = "UIColor+YYAdd.h"; sourceTree = "<group>"; };
		B25F8BFB21C37E4300166686 /* UIBezierPath+YYAdd.h */ = {isa = PBXFileReference; fileEncoding = 4; lastKnownFileType = sourcecode.c.h; path = "UIBezierPath+YYAdd.h"; sourceTree = "<group>"; };
		B25F8BFC21C37E4300166686 /* UIScreen+YYAdd.h */ = {isa = PBXFileReference; fileEncoding = 4; lastKnownFileType = sourcecode.c.h; path = "UIScreen+YYAdd.h"; sourceTree = "<group>"; };
		B25F8BFD21C37E4300166686 /* UIScrollView+YYAdd.h */ = {isa = PBXFileReference; fileEncoding = 4; lastKnownFileType = sourcecode.c.h; path = "UIScrollView+YYAdd.h"; sourceTree = "<group>"; };
		B25F8BFE21C37E4300166686 /* UITableView+YYAdd.h */ = {isa = PBXFileReference; fileEncoding = 4; lastKnownFileType = sourcecode.c.h; path = "UITableView+YYAdd.h"; sourceTree = "<group>"; };
		B25F8BFF21C37E4300166686 /* UIImage+YYAdd.m */ = {isa = PBXFileReference; fileEncoding = 4; lastKnownFileType = sourcecode.c.objc; path = "UIImage+YYAdd.m"; sourceTree = "<group>"; };
		B25F8C0021C37E4300166686 /* UIDevice+YYAdd.h */ = {isa = PBXFileReference; fileEncoding = 4; lastKnownFileType = sourcecode.c.h; path = "UIDevice+YYAdd.h"; sourceTree = "<group>"; };
		B25F8C0121C37E4300166686 /* UIApplication+YYAdd.h */ = {isa = PBXFileReference; fileEncoding = 4; lastKnownFileType = sourcecode.c.h; path = "UIApplication+YYAdd.h"; sourceTree = "<group>"; };
		B25F8C0221C37E4300166686 /* UIControl+YYAdd.m */ = {isa = PBXFileReference; fileEncoding = 4; lastKnownFileType = sourcecode.c.objc; path = "UIControl+YYAdd.m"; sourceTree = "<group>"; };
		B25F8C0321C37E4300166686 /* UIGestureRecognizer+YYAdd.h */ = {isa = PBXFileReference; fileEncoding = 4; lastKnownFileType = sourcecode.c.h; path = "UIGestureRecognizer+YYAdd.h"; sourceTree = "<group>"; };
		B25F8C0421C37E4300166686 /* UIBarButtonItem+YYAdd.h */ = {isa = PBXFileReference; fileEncoding = 4; lastKnownFileType = sourcecode.c.h; path = "UIBarButtonItem+YYAdd.h"; sourceTree = "<group>"; };
		B25F8C0521C37E4300166686 /* UIFont+YYAdd.m */ = {isa = PBXFileReference; fileEncoding = 4; lastKnownFileType = sourcecode.c.objc; path = "UIFont+YYAdd.m"; sourceTree = "<group>"; };
		B25F8C0621C37E4300166686 /* UIView+YYAdd.h */ = {isa = PBXFileReference; fileEncoding = 4; lastKnownFileType = sourcecode.c.h; path = "UIView+YYAdd.h"; sourceTree = "<group>"; };
		B25F8C0821C37E4300166686 /* NSArray+YYAdd.m */ = {isa = PBXFileReference; fileEncoding = 4; lastKnownFileType = sourcecode.c.objc; path = "NSArray+YYAdd.m"; sourceTree = "<group>"; };
		B25F8C0921C37E4300166686 /* NSNumber+YYAdd.m */ = {isa = PBXFileReference; fileEncoding = 4; lastKnownFileType = sourcecode.c.objc; path = "NSNumber+YYAdd.m"; sourceTree = "<group>"; };
		B25F8C0A21C37E4300166686 /* NSTimer+YYAdd.h */ = {isa = PBXFileReference; fileEncoding = 4; lastKnownFileType = sourcecode.c.h; path = "NSTimer+YYAdd.h"; sourceTree = "<group>"; };
		B25F8C0B21C37E4300166686 /* NSDate+YYAdd.h */ = {isa = PBXFileReference; fileEncoding = 4; lastKnownFileType = sourcecode.c.h; path = "NSDate+YYAdd.h"; sourceTree = "<group>"; };
		B25F8C0C21C37E4300166686 /* NSObject+YYAddForARC.h */ = {isa = PBXFileReference; fileEncoding = 4; lastKnownFileType = sourcecode.c.h; path = "NSObject+YYAddForARC.h"; sourceTree = "<group>"; };
		B25F8C0D21C37E4300166686 /* NSNotificationCenter+YYAdd.h */ = {isa = PBXFileReference; fileEncoding = 4; lastKnownFileType = sourcecode.c.h; path = "NSNotificationCenter+YYAdd.h"; sourceTree = "<group>"; };
		B25F8C0E21C37E4300166686 /* NSBundle+YYAdd.m */ = {isa = PBXFileReference; fileEncoding = 4; lastKnownFileType = sourcecode.c.objc; path = "NSBundle+YYAdd.m"; sourceTree = "<group>"; };
		B25F8C0F21C37E4300166686 /* NSObject+YYAdd.m */ = {isa = PBXFileReference; fileEncoding = 4; lastKnownFileType = sourcecode.c.objc; path = "NSObject+YYAdd.m"; sourceTree = "<group>"; };
		B25F8C1021C37E4300166686 /* NSString+YYAdd.h */ = {isa = PBXFileReference; fileEncoding = 4; lastKnownFileType = sourcecode.c.h; path = "NSString+YYAdd.h"; sourceTree = "<group>"; };
		B25F8C1121C37E4300166686 /* NSObject+YYAddForKVO.h */ = {isa = PBXFileReference; fileEncoding = 4; lastKnownFileType = sourcecode.c.h; path = "NSObject+YYAddForKVO.h"; sourceTree = "<group>"; };
		B25F8C1221C37E4300166686 /* NSData+YYAdd.m */ = {isa = PBXFileReference; fileEncoding = 4; lastKnownFileType = sourcecode.c.objc; path = "NSData+YYAdd.m"; sourceTree = "<group>"; };
		B25F8C1321C37E4300166686 /* NSThread+YYAdd.m */ = {isa = PBXFileReference; fileEncoding = 4; lastKnownFileType = sourcecode.c.objc; path = "NSThread+YYAdd.m"; sourceTree = "<group>"; };
		B25F8C1421C37E4300166686 /* NSDictionary+YYAdd.h */ = {isa = PBXFileReference; fileEncoding = 4; lastKnownFileType = sourcecode.c.h; path = "NSDictionary+YYAdd.h"; sourceTree = "<group>"; };
		B25F8C1521C37E4300166686 /* NSKeyedUnarchiver+YYAdd.m */ = {isa = PBXFileReference; fileEncoding = 4; lastKnownFileType = sourcecode.c.objc; path = "NSKeyedUnarchiver+YYAdd.m"; sourceTree = "<group>"; };
		B25F8C1621C37E4300166686 /* NSTimer+YYAdd.m */ = {isa = PBXFileReference; fileEncoding = 4; lastKnownFileType = sourcecode.c.objc; path = "NSTimer+YYAdd.m"; sourceTree = "<group>"; };
		B25F8C1721C37E4300166686 /* NSNumber+YYAdd.h */ = {isa = PBXFileReference; fileEncoding = 4; lastKnownFileType = sourcecode.c.h; path = "NSNumber+YYAdd.h"; sourceTree = "<group>"; };
		B25F8C1821C37E4300166686 /* NSArray+YYAdd.h */ = {isa = PBXFileReference; fileEncoding = 4; lastKnownFileType = sourcecode.c.h; path = "NSArray+YYAdd.h"; sourceTree = "<group>"; };
		B25F8C1921C37E4300166686 /* NSObject+YYAddForARC.m */ = {isa = PBXFileReference; fileEncoding = 4; lastKnownFileType = sourcecode.c.objc; path = "NSObject+YYAddForARC.m"; sourceTree = "<group>"; };
		B25F8C1A21C37E4400166686 /* NSDate+YYAdd.m */ = {isa = PBXFileReference; fileEncoding = 4; lastKnownFileType = sourcecode.c.objc; path = "NSDate+YYAdd.m"; sourceTree = "<group>"; };
		B25F8C1B21C37E4400166686 /* NSObject+YYAdd.h */ = {isa = PBXFileReference; fileEncoding = 4; lastKnownFileType = sourcecode.c.h; path = "NSObject+YYAdd.h"; sourceTree = "<group>"; };
		B25F8C1C21C37E4400166686 /* NSString+YYAdd.m */ = {isa = PBXFileReference; fileEncoding = 4; lastKnownFileType = sourcecode.c.objc; path = "NSString+YYAdd.m"; sourceTree = "<group>"; };
		B25F8C1D21C37E4400166686 /* NSBundle+YYAdd.h */ = {isa = PBXFileReference; fileEncoding = 4; lastKnownFileType = sourcecode.c.h; path = "NSBundle+YYAdd.h"; sourceTree = "<group>"; };
		B25F8C1E21C37E4400166686 /* NSNotificationCenter+YYAdd.m */ = {isa = PBXFileReference; fileEncoding = 4; lastKnownFileType = sourcecode.c.objc; path = "NSNotificationCenter+YYAdd.m"; sourceTree = "<group>"; };
		B25F8C1F21C37E4400166686 /* NSKeyedUnarchiver+YYAdd.h */ = {isa = PBXFileReference; fileEncoding = 4; lastKnownFileType = sourcecode.c.h; path = "NSKeyedUnarchiver+YYAdd.h"; sourceTree = "<group>"; };
		B25F8C2021C37E4400166686 /* NSDictionary+YYAdd.m */ = {isa = PBXFileReference; fileEncoding = 4; lastKnownFileType = sourcecode.c.objc; path = "NSDictionary+YYAdd.m"; sourceTree = "<group>"; };
		B25F8C2121C37E4400166686 /* NSThread+YYAdd.h */ = {isa = PBXFileReference; fileEncoding = 4; lastKnownFileType = sourcecode.c.h; path = "NSThread+YYAdd.h"; sourceTree = "<group>"; };
		B25F8C2221C37E4400166686 /* NSData+YYAdd.h */ = {isa = PBXFileReference; fileEncoding = 4; lastKnownFileType = sourcecode.c.h; path = "NSData+YYAdd.h"; sourceTree = "<group>"; };
		B25F8C2321C37E4400166686 /* NSObject+YYAddForKVO.m */ = {isa = PBXFileReference; fileEncoding = 4; lastKnownFileType = sourcecode.c.objc; path = "NSObject+YYAddForKVO.m"; sourceTree = "<group>"; };
		B25F8C2421C37E4400166686 /* YYCategoriesMacro.h */ = {isa = PBXFileReference; fileEncoding = 4; lastKnownFileType = sourcecode.c.h; path = YYCategoriesMacro.h; sourceTree = "<group>"; };
		B25F8C2621C37E4400166686 /* YYCGUtilities.m */ = {isa = PBXFileReference; fileEncoding = 4; lastKnownFileType = sourcecode.c.objc; path = YYCGUtilities.m; sourceTree = "<group>"; };
		B25F8C2721C37E4400166686 /* CALayer+YYAdd.m */ = {isa = PBXFileReference; fileEncoding = 4; lastKnownFileType = sourcecode.c.objc; path = "CALayer+YYAdd.m"; sourceTree = "<group>"; };
		B25F8C2821C37E4400166686 /* CALayer+YYAdd.h */ = {isa = PBXFileReference; fileEncoding = 4; lastKnownFileType = sourcecode.c.h; path = "CALayer+YYAdd.h"; sourceTree = "<group>"; };
		B25F8C2921C37E4400166686 /* YYCGUtilities.h */ = {isa = PBXFileReference; fileEncoding = 4; lastKnownFileType = sourcecode.c.h; path = YYCGUtilities.h; sourceTree = "<group>"; };
		B25F8C4921C37E6600166686 /* UIKit.framework */ = {isa = PBXFileReference; lastKnownFileType = wrapper.framework; name = UIKit.framework; path = System/Library/Frameworks/UIKit.framework; sourceTree = SDKROOT; };
		B25F8C4B21C37E6C00166686 /* CoreGraphics.framework */ = {isa = PBXFileReference; lastKnownFileType = wrapper.framework; name = CoreGraphics.framework; path = System/Library/Frameworks/CoreGraphics.framework; sourceTree = SDKROOT; };
		B25F8C4D21C37E7200166686 /* QuartzCore.framework */ = {isa = PBXFileReference; lastKnownFileType = wrapper.framework; name = QuartzCore.framework; path = System/Library/Frameworks/QuartzCore.framework; sourceTree = SDKROOT; };
		B25F8C4F21C37E7700166686 /* Accelerate.framework */ = {isa = PBXFileReference; lastKnownFileType = wrapper.framework; name = Accelerate.framework; path = System/Library/Frameworks/Accelerate.framework; sourceTree = SDKROOT; };
		B25F8C5121C37E7D00166686 /* ImageIO.framework */ = {isa = PBXFileReference; lastKnownFileType = wrapper.framework; name = ImageIO.framework; path = System/Library/Frameworks/ImageIO.framework; sourceTree = SDKROOT; };
		B25F8C5321C37E8200166686 /* CoreText.framework */ = {isa = PBXFileReference; lastKnownFileType = wrapper.framework; name = CoreText.framework; path = System/Library/Frameworks/CoreText.framework; sourceTree = SDKROOT; };
		B25F8C5521C37E8700166686 /* CoreFoundation.framework */ = {isa = PBXFileReference; lastKnownFileType = wrapper.framework; name = CoreFoundation.framework; path = System/Library/Frameworks/CoreFoundation.framework; sourceTree = SDKROOT; };
		B25F8C5721C37E8E00166686 /* libz.tbd */ = {isa = PBXFileReference; lastKnownFileType = "sourcecode.text-based-dylib-definition"; name = libz.tbd; path = usr/lib/libz.tbd; sourceTree = SDKROOT; };
		B293494022B090EE003BA579 /* UIButton+Supplement.h */ = {isa = PBXFileReference; lastKnownFileType = sourcecode.c.h; path = "UIButton+Supplement.h"; sourceTree = "<group>"; };
		B293494122B090EE003BA579 /* UIButton+Supplement.m */ = {isa = PBXFileReference; lastKnownFileType = sourcecode.c.objc; path = "UIButton+Supplement.m"; sourceTree = "<group>"; };
		B293494322B0912E003BA579 /* UIView+Supplement.h */ = {isa = PBXFileReference; lastKnownFileType = sourcecode.c.h; path = "UIView+Supplement.h"; sourceTree = "<group>"; };
		B293494422B0912E003BA579 /* UIView+Supplement.m */ = {isa = PBXFileReference; lastKnownFileType = sourcecode.c.objc; path = "UIView+Supplement.m"; sourceTree = "<group>"; };
		B2E56A6422DF066100AB8D16 /* UIColor+Supplement.h */ = {isa = PBXFileReference; lastKnownFileType = sourcecode.c.h; path = "UIColor+Supplement.h"; sourceTree = "<group>"; };
		B2E56A6522DF066100AB8D16 /* UIColor+Supplement.m */ = {isa = PBXFileReference; lastKnownFileType = sourcecode.c.objc; path = "UIColor+Supplement.m"; sourceTree = "<group>"; };
/* End PBXFileReference section */

/* Begin PBXFrameworksBuildPhase section */
		B25F8BCC21C37DC200166686 /* Frameworks */ = {
			isa = PBXFrameworksBuildPhase;
			buildActionMask = 2147483647;
			files = (
				B25F8C5821C37E8E00166686 /* libz.tbd in Frameworks */,
				B25F8C5621C37E8700166686 /* CoreFoundation.framework in Frameworks */,
				B25F8C5421C37E8200166686 /* CoreText.framework in Frameworks */,
				B25F8C5221C37E7E00166686 /* ImageIO.framework in Frameworks */,
				B25F8C5021C37E7700166686 /* Accelerate.framework in Frameworks */,
				B25F8C4E21C37E7200166686 /* QuartzCore.framework in Frameworks */,
				B25F8C4C21C37E6C00166686 /* CoreGraphics.framework in Frameworks */,
				B25F8C4A21C37E6600166686 /* UIKit.framework in Frameworks */,
			);
			runOnlyForDeploymentPostprocessing = 0;
		};
/* End PBXFrameworksBuildPhase section */

/* Begin PBXGroup section */
		B25F8BC621C37DC200166686 = {
			isa = PBXGroup;
			children = (
				B25F8BD121C37DC200166686 /* Demo */,
				B25F8BD021C37DC200166686 /* Products */,
				B25F8C4821C37E6600166686 /* Frameworks */,
			);
			sourceTree = "<group>";
		};
		B25F8BD021C37DC200166686 /* Products */ = {
			isa = PBXGroup;
			children = (
				B25F8BCF21C37DC200166686 /* Demo.app */,
			);
			name = Products;
			sourceTree = "<group>";
		};
		B25F8BD121C37DC200166686 /* Demo */ = {
			isa = PBXGroup;
			children = (
				B25F8BE821C37E4300166686 /* YYCategories */,
				B25F8BD221C37DC200166686 /* AppDelegate.h */,
				B25F8BD321C37DC200166686 /* AppDelegate.m */,
				B25F8BD521C37DC200166686 /* ViewController.h */,
				B25F8BD621C37DC200166686 /* ViewController.m */,
				B25F8BD821C37DC200166686 /* Main.storyboard */,
				B25F8BDB21C37DC400166686 /* Assets.xcassets */,
				B25F8BDD21C37DC400166686 /* LaunchScreen.storyboard */,
				B25F8BE021C37DC400166686 /* Info.plist */,
				B25F8BE121C37DC400166686 /* main.m */,
			);
			path = Demo;
			sourceTree = "<group>";
		};
		B25F8BE821C37E4300166686 /* YYCategories */ = {
			isa = PBXGroup;
			children = (
				B25F8BE921C37E4300166686 /* YYCategories.h */,
				B25F8C5921C37FE100166686 /* DTSupplement */,
				B25F8BEA21C37E4300166686 /* UIKit */,
				B25F8C0721C37E4300166686 /* Foundation */,
				B25F8C2421C37E4400166686 /* YYCategoriesMacro.h */,
				B25F8C2521C37E4400166686 /* Quartz */,
			);
			name = YYCategories;
			path = ../../YYCategories;
			sourceTree = "<group>";
		};
		B25F8BEA21C37E4300166686 /* UIKit */ = {
			isa = PBXGroup;
			children = (
				B25F8BEB21C37E4300166686 /* UITextField+YYAdd.m */,
				B25F8BEC21C37E4300166686 /* UIBezierPath+YYAdd.m */,
				B25F8BED21C37E4300166686 /* UIColor+YYAdd.m */,
				B25F8BEE21C37E4300166686 /* UIControl+YYAdd.h */,
				B25F8BEF21C37E4300166686 /* UIDevice+YYAdd.m */,
				B25F8BF021C37E4300166686 /* UIApplication+YYAdd.m */,
				B25F8BF121C37E4300166686 /* UITableView+YYAdd.m */,
				B25F8BF221C37E4300166686 /* UIImage+YYAdd.h */,
				B25F8BF321C37E4300166686 /* UIScrollView+YYAdd.m */,
				B25F8BF421C37E4300166686 /* UIScreen+YYAdd.m */,
				B25F8BF521C37E4300166686 /* UIView+YYAdd.m */,
				B25F8BF621C37E4300166686 /* UIFont+YYAdd.h */,
				B25F8BF721C37E4300166686 /* UIBarButtonItem+YYAdd.m */,
				B25F8BF821C37E4300166686 /* UIGestureRecognizer+YYAdd.m */,
				B25F8BF921C37E4300166686 /* UITextField+YYAdd.h */,
				B25F8BFA21C37E4300166686 /* UIColor+YYAdd.h */,
				B25F8BFB21C37E4300166686 /* UIBezierPath+YYAdd.h */,
				B25F8BFC21C37E4300166686 /* UIScreen+YYAdd.h */,
				B25F8BFD21C37E4300166686 /* UIScrollView+YYAdd.h */,
				B25F8BFE21C37E4300166686 /* UITableView+YYAdd.h */,
				B25F8BFF21C37E4300166686 /* UIImage+YYAdd.m */,
				B25F8C0021C37E4300166686 /* UIDevice+YYAdd.h */,
				B25F8C0121C37E4300166686 /* UIApplication+YYAdd.h */,
				B25F8C0221C37E4300166686 /* UIControl+YYAdd.m */,
				B25F8C0321C37E4300166686 /* UIGestureRecognizer+YYAdd.h */,
				B25F8C0421C37E4300166686 /* UIBarButtonItem+YYAdd.h */,
				B25F8C0521C37E4300166686 /* UIFont+YYAdd.m */,
				B25F8C0621C37E4300166686 /* UIView+YYAdd.h */,
			);
			path = UIKit;
			sourceTree = "<group>";
		};
		B25F8C0721C37E4300166686 /* Foundation */ = {
			isa = PBXGroup;
			children = (
				B25F8C0821C37E4300166686 /* NSArray+YYAdd.m */,
				B25F8C0921C37E4300166686 /* NSNumber+YYAdd.m */,
				B25F8C0A21C37E4300166686 /* NSTimer+YYAdd.h */,
				B25F8C0B21C37E4300166686 /* NSDate+YYAdd.h */,
				B25F8C0C21C37E4300166686 /* NSObject+YYAddForARC.h */,
				B25F8C0D21C37E4300166686 /* NSNotificationCenter+YYAdd.h */,
				B25F8C0E21C37E4300166686 /* NSBundle+YYAdd.m */,
				B25F8C0F21C37E4300166686 /* NSObject+YYAdd.m */,
				B25F8C1021C37E4300166686 /* NSString+YYAdd.h */,
				B25F8C1121C37E4300166686 /* NSObject+YYAddForKVO.h */,
				B25F8C1221C37E4300166686 /* NSData+YYAdd.m */,
				B25F8C1321C37E4300166686 /* NSThread+YYAdd.m */,
				B25F8C1421C37E4300166686 /* NSDictionary+YYAdd.h */,
				B25F8C1521C37E4300166686 /* NSKeyedUnarchiver+YYAdd.m */,
				B25F8C1621C37E4300166686 /* NSTimer+YYAdd.m */,
				B25F8C1721C37E4300166686 /* NSNumber+YYAdd.h */,
				B25F8C1821C37E4300166686 /* NSArray+YYAdd.h */,
				B25F8C1921C37E4300166686 /* NSObject+YYAddForARC.m */,
				B25F8C1A21C37E4400166686 /* NSDate+YYAdd.m */,
				B25F8C1B21C37E4400166686 /* NSObject+YYAdd.h */,
				B25F8C1C21C37E4400166686 /* NSString+YYAdd.m */,
				B25F8C1D21C37E4400166686 /* NSBundle+YYAdd.h */,
				B25F8C1E21C37E4400166686 /* NSNotificationCenter+YYAdd.m */,
				B25F8C1F21C37E4400166686 /* NSKeyedUnarchiver+YYAdd.h */,
				B25F8C2021C37E4400166686 /* NSDictionary+YYAdd.m */,
				B25F8C2121C37E4400166686 /* NSThread+YYAdd.h */,
				B25F8C2221C37E4400166686 /* NSData+YYAdd.h */,
				B25F8C2321C37E4400166686 /* NSObject+YYAddForKVO.m */,
			);
			path = Foundation;
			sourceTree = "<group>";
		};
		B25F8C2521C37E4400166686 /* Quartz */ = {
			isa = PBXGroup;
			children = (
				B25F8C2621C37E4400166686 /* YYCGUtilities.m */,
				B25F8C2721C37E4400166686 /* CALayer+YYAdd.m */,
				B25F8C2821C37E4400166686 /* CALayer+YYAdd.h */,
				B25F8C2921C37E4400166686 /* YYCGUtilities.h */,
			);
			path = Quartz;
			sourceTree = "<group>";
		};
		B25F8C4821C37E6600166686 /* Frameworks */ = {
			isa = PBXGroup;
			children = (
				B25F8C5721C37E8E00166686 /* libz.tbd */,
				B25F8C5521C37E8700166686 /* CoreFoundation.framework */,
				B25F8C5321C37E8200166686 /* CoreText.framework */,
				B25F8C5121C37E7D00166686 /* ImageIO.framework */,
				B25F8C4F21C37E7700166686 /* Accelerate.framework */,
				B25F8C4D21C37E7200166686 /* QuartzCore.framework */,
				B25F8C4B21C37E6C00166686 /* CoreGraphics.framework */,
				B25F8C4921C37E6600166686 /* UIKit.framework */,
			);
			name = Frameworks;
			sourceTree = "<group>";
		};
		B25F8C5921C37FE100166686 /* DTSupplement */ = {
			isa = PBXGroup;
			children = (
				87C8FEF623877A370038EE8B /* CALayer+Supplement.h */,
				87C8FEF523877A370038EE8B /* CALayer+Supplement.m */,
				B293494022B090EE003BA579 /* UIButton+Supplement.h */,
				B293494122B090EE003BA579 /* UIButton+Supplement.m */,
				B293494322B0912E003BA579 /* UIView+Supplement.h */,
				B293494422B0912E003BA579 /* UIView+Supplement.m */,
				B2E56A6422DF066100AB8D16 /* UIColor+Supplement.h */,
				B2E56A6522DF066100AB8D16 /* UIColor+Supplement.m */,
				874B59722367C9AA0045AB87 /* NSString+Supplement.h */,
				874B59732367C9AA0045AB87 /* NSString+Supplement.m */,
			);
			path = DTSupplement;
			sourceTree = "<group>";
		};
/* End PBXGroup section */

/* Begin PBXNativeTarget section */
		B25F8BCE21C37DC200166686 /* Demo */ = {
			isa = PBXNativeTarget;
			buildConfigurationList = B25F8BE521C37DC400166686 /* Build configuration list for PBXNativeTarget "Demo" */;
			buildPhases = (
				B25F8BCB21C37DC200166686 /* Sources */,
				B25F8BCC21C37DC200166686 /* Frameworks */,
				B25F8BCD21C37DC200166686 /* Resources */,
			);
			buildRules = (
			);
			dependencies = (
			);
			name = Demo;
			productName = Demo;
			productReference = B25F8BCF21C37DC200166686 /* Demo.app */;
			productType = "com.apple.product-type.application";
		};
/* End PBXNativeTarget section */

/* Begin PBXProject section */
		B25F8BC721C37DC200166686 /* Project object */ = {
			isa = PBXProject;
			attributes = {
				LastUpgradeCheck = 1000;
				ORGANIZATIONNAME = "树妖";
				TargetAttributes = {
					B25F8BCE21C37DC200166686 = {
						CreatedOnToolsVersion = 10.0;
					};
				};
			};
			buildConfigurationList = B25F8BCA21C37DC200166686 /* Build configuration list for PBXProject "Demo" */;
			compatibilityVersion = "Xcode 9.3";
			developmentRegion = en;
			hasScannedForEncodings = 0;
			knownRegions = (
				en,
				Base,
			);
			mainGroup = B25F8BC621C37DC200166686;
			productRefGroup = B25F8BD021C37DC200166686 /* Products */;
			projectDirPath = "";
			projectRoot = "";
			targets = (
				B25F8BCE21C37DC200166686 /* Demo */,
			);
		};
/* End PBXProject section */

/* Begin PBXResourcesBuildPhase section */
		B25F8BCD21C37DC200166686 /* Resources */ = {
			isa = PBXResourcesBuildPhase;
			buildActionMask = 2147483647;
			files = (
				B25F8BDF21C37DC400166686 /* LaunchScreen.storyboard in Resources */,
				B25F8BDC21C37DC400166686 /* Assets.xcassets in Resources */,
				B25F8BDA21C37DC200166686 /* Main.storyboard in Resources */,
			);
			runOnlyForDeploymentPostprocessing = 0;
		};
/* End PBXResourcesBuildPhase section */

/* Begin PBXSourcesBuildPhase section */
		B25F8BCB21C37DC200166686 /* Sources */ = {
			isa = PBXSourcesBuildPhase;
			buildActionMask = 2147483647;
			files = (
				B25F8C3A21C37E4400166686 /* NSBundle+YYAdd.m in Sources */,
				B25F8C3B21C37E4400166686 /* NSObject+YYAdd.m in Sources */,
				B293494222B090EE003BA579 /* UIButton+Supplement.m in Sources */,
				B25F8C4621C37E4400166686 /* YYCGUtilities.m in Sources */,
				B25F8C2E21C37E4400166686 /* UIApplication+YYAdd.m in Sources */,
				B25F8C3621C37E4400166686 /* UIControl+YYAdd.m in Sources */,
				B25F8C4721C37E4400166686 /* CALayer+YYAdd.m in Sources */,
				B25F8C3921C37E4400166686 /* NSNumber+YYAdd.m in Sources */,
				B2E56A6622DF066100AB8D16 /* UIColor+Supplement.m in Sources */,
				B25F8BD721C37DC200166686 /* ViewController.m in Sources */,
				B25F8C3D21C37E4400166686 /* NSThread+YYAdd.m in Sources */,
				B25F8C3321C37E4400166686 /* UIBarButtonItem+YYAdd.m in Sources */,
				B25F8C3821C37E4400166686 /* NSArray+YYAdd.m in Sources */,
				B25F8C4521C37E4400166686 /* NSObject+YYAddForKVO.m in Sources */,
				B25F8C2B21C37E4400166686 /* UIBezierPath+YYAdd.m in Sources */,
				874B59742367C9AA0045AB87 /* NSString+Supplement.m in Sources */,
				B25F8C3721C37E4400166686 /* UIFont+YYAdd.m in Sources */,
				B25F8C4321C37E4400166686 /* NSNotificationCenter+YYAdd.m in Sources */,
				B25F8C3F21C37E4400166686 /* NSTimer+YYAdd.m in Sources */,
				B25F8C4021C37E4400166686 /* NSObject+YYAddForARC.m in Sources */,
				B25F8C4221C37E4400166686 /* NSString+YYAdd.m in Sources */,
				B25F8C3521C37E4400166686 /* UIImage+YYAdd.m in Sources */,
				B25F8C4421C37E4400166686 /* NSDictionary+YYAdd.m in Sources */,
				B25F8BE221C37DC400166686 /* main.m in Sources */,
				B25F8BD421C37DC200166686 /* AppDelegate.m in Sources */,
				B25F8C3121C37E4400166686 /* UIScreen+YYAdd.m in Sources */,
				B25F8C2F21C37E4400166686 /* UITableView+YYAdd.m in Sources */,
				B25F8C2D21C37E4400166686 /* UIDevice+YYAdd.m in Sources */,
				B25F8C3C21C37E4400166686 /* NSData+YYAdd.m in Sources */,
				B25F8C3221C37E4400166686 /* UIView+YYAdd.m in Sources */,
				B25F8C2A21C37E4400166686 /* UITextField+YYAdd.m in Sources */,
				B25F8C3E21C37E4400166686 /* NSKeyedUnarchiver+YYAdd.m in Sources */,
				B25F8C3421C37E4400166686 /* UIGestureRecognizer+YYAdd.m in Sources */,
				B25F8C4121C37E4400166686 /* NSDate+YYAdd.m in Sources */,
				B25F8C2C21C37E4400166686 /* UIColor+YYAdd.m in Sources */,
				B25F8C3021C37E4400166686 /* UIScrollView+YYAdd.m in Sources */,
				87C8FEF723877A370038EE8B /* CALayer+Supplement.m in Sources */,
				B293494522B0912E003BA579 /* UIView+Supplement.m in Sources */,
			);
			runOnlyForDeploymentPostprocessing = 0;
		};
/* End PBXSourcesBuildPhase section */

/* Begin PBXVariantGroup section */
		B25F8BD821C37DC200166686 /* Main.storyboard */ = {
			isa = PBXVariantGroup;
			children = (
				B25F8BD921C37DC200166686 /* Base */,
			);
			name = Main.storyboard;
			sourceTree = "<group>";
		};
		B25F8BDD21C37DC400166686 /* LaunchScreen.storyboard */ = {
			isa = PBXVariantGroup;
			children = (
				B25F8BDE21C37DC400166686 /* Base */,
			);
			name = LaunchScreen.storyboard;
			sourceTree = "<group>";
		};
/* End PBXVariantGroup section */

/* Begin XCBuildConfiguration section */
		B25F8BE321C37DC400166686 /* Debug */ = {
			isa = XCBuildConfiguration;
			buildSettings = {
				ALWAYS_SEARCH_USER_PATHS = NO;
				CLANG_ANALYZER_NONNULL = YES;
				CLANG_ANALYZER_NUMBER_OBJECT_CONVERSION = YES_AGGRESSIVE;
				CLANG_CXX_LANGUAGE_STANDARD = "gnu++14";
				CLANG_CXX_LIBRARY = "libc++";
				CLANG_ENABLE_MODULES = YES;
				CLANG_ENABLE_OBJC_ARC = YES;
				CLANG_ENABLE_OBJC_WEAK = YES;
				CLANG_WARN_BLOCK_CAPTURE_AUTORELEASING = YES;
				CLANG_WARN_BOOL_CONVERSION = YES;
				CLANG_WARN_COMMA = YES;
				CLANG_WARN_CONSTANT_CONVERSION = YES;
				CLANG_WARN_DEPRECATED_OBJC_IMPLEMENTATIONS = YES;
				CLANG_WARN_DIRECT_OBJC_ISA_USAGE = YES_ERROR;
				CLANG_WARN_DOCUMENTATION_COMMENTS = YES;
				CLANG_WARN_EMPTY_BODY = YES;
				CLANG_WARN_ENUM_CONVERSION = YES;
				CLANG_WARN_INFINITE_RECURSION = YES;
				CLANG_WARN_INT_CONVERSION = YES;
				CLANG_WARN_NON_LITERAL_NULL_CONVERSION = YES;
				CLANG_WARN_OBJC_IMPLICIT_RETAIN_SELF = YES;
				CLANG_WARN_OBJC_LITERAL_CONVERSION = YES;
				CLANG_WARN_OBJC_ROOT_CLASS = YES_ERROR;
				CLANG_WARN_RANGE_LOOP_ANALYSIS = YES;
				CLANG_WARN_STRICT_PROTOTYPES = YES;
				CLANG_WARN_SUSPICIOUS_MOVE = YES;
				CLANG_WARN_UNGUARDED_AVAILABILITY = YES_AGGRESSIVE;
				CLANG_WARN_UNREACHABLE_CODE = YES;
				CLANG_WARN__DUPLICATE_METHOD_MATCH = YES;
				CODE_SIGN_IDENTITY = "iPhone Developer";
				COPY_PHASE_STRIP = NO;
				DEBUG_INFORMATION_FORMAT = dwarf;
				ENABLE_STRICT_OBJC_MSGSEND = YES;
				ENABLE_TESTABILITY = YES;
				GCC_C_LANGUAGE_STANDARD = gnu11;
				GCC_DYNAMIC_NO_PIC = NO;
				GCC_NO_COMMON_BLOCKS = YES;
				GCC_OPTIMIZATION_LEVEL = 0;
				GCC_PREPROCESSOR_DEFINITIONS = (
					"DEBUG=1",
					"$(inherited)",
				);
				GCC_WARN_64_TO_32_BIT_CONVERSION = YES;
				GCC_WARN_ABOUT_RETURN_TYPE = YES_ERROR;
				GCC_WARN_UNDECLARED_SELECTOR = YES;
				GCC_WARN_UNINITIALIZED_AUTOS = YES_AGGRESSIVE;
				GCC_WARN_UNUSED_FUNCTION = YES;
				GCC_WARN_UNUSED_VARIABLE = YES;
				IPHONEOS_DEPLOYMENT_TARGET = 12.0;
				MTL_ENABLE_DEBUG_INFO = INCLUDE_SOURCE;
				MTL_FAST_MATH = YES;
				ONLY_ACTIVE_ARCH = YES;
				SDKROOT = iphoneos;
			};
			name = Debug;
		};
		B25F8BE421C37DC400166686 /* Release */ = {
			isa = XCBuildConfiguration;
			buildSettings = {
				ALWAYS_SEARCH_USER_PATHS = NO;
				CLANG_ANALYZER_NONNULL = YES;
				CLANG_ANALYZER_NUMBER_OBJECT_CONVERSION = YES_AGGRESSIVE;
				CLANG_CXX_LANGUAGE_STANDARD = "gnu++14";
				CLANG_CXX_LIBRARY = "libc++";
				CLANG_ENABLE_MODULES = YES;
				CLANG_ENABLE_OBJC_ARC = YES;
				CLANG_ENABLE_OBJC_WEAK = YES;
				CLANG_WARN_BLOCK_CAPTURE_AUTORELEASING = YES;
				CLANG_WARN_BOOL_CONVERSION = YES;
				CLANG_WARN_COMMA = YES;
				CLANG_WARN_CONSTANT_CONVERSION = YES;
				CLANG_WARN_DEPRECATED_OBJC_IMPLEMENTATIONS = YES;
				CLANG_WARN_DIRECT_OBJC_ISA_USAGE = YES_ERROR;
				CLANG_WARN_DOCUMENTATION_COMMENTS = YES;
				CLANG_WARN_EMPTY_BODY = YES;
				CLANG_WARN_ENUM_CONVERSION = YES;
				CLANG_WARN_INFINITE_RECURSION = YES;
				CLANG_WARN_INT_CONVERSION = YES;
				CLANG_WARN_NON_LITERAL_NULL_CONVERSION = YES;
				CLANG_WARN_OBJC_IMPLICIT_RETAIN_SELF = YES;
				CLANG_WARN_OBJC_LITERAL_CONVERSION = YES;
				CLANG_WARN_OBJC_ROOT_CLASS = YES_ERROR;
				CLANG_WARN_RANGE_LOOP_ANALYSIS = YES;
				CLANG_WARN_STRICT_PROTOTYPES = YES;
				CLANG_WARN_SUSPICIOUS_MOVE = YES;
				CLANG_WARN_UNGUARDED_AVAILABILITY = YES_AGGRESSIVE;
				CLANG_WARN_UNREACHABLE_CODE = YES;
				CLANG_WARN__DUPLICATE_METHOD_MATCH = YES;
				CODE_SIGN_IDENTITY = "iPhone Developer";
				COPY_PHASE_STRIP = NO;
				DEBUG_INFORMATION_FORMAT = "dwarf-with-dsym";
				ENABLE_NS_ASSERTIONS = NO;
				ENABLE_STRICT_OBJC_MSGSEND = YES;
				GCC_C_LANGUAGE_STANDARD = gnu11;
				GCC_NO_COMMON_BLOCKS = YES;
				GCC_WARN_64_TO_32_BIT_CONVERSION = YES;
				GCC_WARN_ABOUT_RETURN_TYPE = YES_ERROR;
				GCC_WARN_UNDECLARED_SELECTOR = YES;
				GCC_WARN_UNINITIALIZED_AUTOS = YES_AGGRESSIVE;
				GCC_WARN_UNUSED_FUNCTION = YES;
				GCC_WARN_UNUSED_VARIABLE = YES;
				IPHONEOS_DEPLOYMENT_TARGET = 12.0;
				MTL_ENABLE_DEBUG_INFO = NO;
				MTL_FAST_MATH = YES;
				SDKROOT = iphoneos;
				VALIDATE_PRODUCT = YES;
			};
			name = Release;
		};
		B25F8BE621C37DC400166686 /* Debug */ = {
			isa = XCBuildConfiguration;
			buildSettings = {
				ASSETCATALOG_COMPILER_APPICON_NAME = AppIcon;
				CODE_SIGN_STYLE = Automatic;
				DEVELOPMENT_TEAM = 2Y4CDLQVP8;
				INFOPLIST_FILE = Demo/Info.plist;
				IPHONEOS_DEPLOYMENT_TARGET = 11.0;
				LD_RUNPATH_SEARCH_PATHS = (
					"$(inherited)",
					"@executable_path/Frameworks",
				);
				PRODUCT_BUNDLE_IDENTIFIER = ShuYao.Demo;
				PRODUCT_NAME = "$(TARGET_NAME)";
				TARGETED_DEVICE_FAMILY = "1,2";
			};
			name = Debug;
		};
		B25F8BE721C37DC400166686 /* Release */ = {
			isa = XCBuildConfiguration;
			buildSettings = {
				ASSETCATALOG_COMPILER_APPICON_NAME = AppIcon;
				CODE_SIGN_STYLE = Automatic;
				DEVELOPMENT_TEAM = 8MFPCVBA88;
				INFOPLIST_FILE = Demo/Info.plist;
				IPHONEOS_DEPLOYMENT_TARGET = 11.0;
				LD_RUNPATH_SEARCH_PATHS = (
					"$(inherited)",
					"@executable_path/Frameworks",
				);
				PRODUCT_BUNDLE_IDENTIFIER = ShuYao.Demo;
				PRODUCT_NAME = "$(TARGET_NAME)";
				TARGETED_DEVICE_FAMILY = "1,2";
			};
			name = Release;
		};
/* End XCBuildConfiguration section */

/* Begin XCConfigurationList section */
		B25F8BCA21C37DC200166686 /* Build configuration list for PBXProject "Demo" */ = {
			isa = XCConfigurationList;
			buildConfigurations = (
				B25F8BE321C37DC400166686 /* Debug */,
				B25F8BE421C37DC400166686 /* Release */,
			);
			defaultConfigurationIsVisible = 0;
			defaultConfigurationName = Release;
		};
		B25F8BE521C37DC400166686 /* Build configuration list for PBXNativeTarget "Demo" */ = {
			isa = XCConfigurationList;
			buildConfigurations = (
				B25F8BE621C37DC400166686 /* Debug */,
				B25F8BE721C37DC400166686 /* Release */,
			);
			defaultConfigurationIsVisible = 0;
			defaultConfigurationName = Release;
		};
/* End XCConfigurationList section */
	};
	rootObject = B25F8BC721C37DC200166686 /* Project object */;
}
